
Microsoft Visual Studio Solution File, Format Version 12.00
# Visual Studio 15
Project("{FAE04EC0-301F-11D3-BF4B-00C04F79EFBC}") = "Assembly-CSharp", "Assembly-CSharp.csproj", "{A0895E2A-0AB3-A2D9-6EC5-F6E296D225A3}"
EndProject
Project("{FAE04EC0-301F-11D3-BF4B-00C04F79EFBC}") = "Assembly-CSharp-Editor", "Assembly-CSharp-Editor.csproj", "{C1F3A4C8-C21C-239E-A7B5-9520D0C275C4}"
EndProject
Global
	GlobalSection(SolutionConfigurationPlatforms) = preSolution
		Debug|Any CPU = Debug|Any CPU
		Release|Any CPU = Release|Any CPU
	EndGlobalSection
	GlobalSection(ProjectConfigurationPlatforms) = postSolution
		{A0895E2A-0AB3-A2D9-6EC5-F6E296D225A3}.Debug|Any CPU.ActiveCfg = Debug|Any CPU
		{A0895E2A-0AB3-A2D9-6EC5-F6E296D225A3}.Debug|Any CPU.Build.0 = Debug|Any CPU
		{A0895E2A-0AB3-A2D9-6EC5-F6E296D225A3}.Release|Any CPU.ActiveCfg = Release|Any CPU
		{A0895E2A-0AB3-A2D9-6EC5-F6E296D225A3}.Release|Any CPU.Build.0 = Release|Any CPU
		{C1F3A4C8-C21C-239E-A7B5-9520D0C275C4}.Debug|Any CPU.ActiveCfg = Debug|Any CPU
		{C1F3A4C8-C21C-239E-A7B5-9520D0C275C4}.Debug|Any CPU.Build.0 = Debug|Any CPU
		{C1F3A4C8-C21C-239E-A7B5-9520D0C275C4}.Release|Any CPU.ActiveCfg = Release|Any CPU
		{C1F3A4C8-C21C-239E-A7B5-9520D0C275C4}.Release|Any CPU.Build.0 = Release|Any CPU
	EndGlobalSection
	GlobalSection(SolutionProperties) = preSolution
		HideSolutionNode = FALSE
	EndGlobalSection
EndGlobal
